
Microsoft Visual Studio Solution File, Format Version 12.00
# Visual Studio 15
VisualStudioVersion = 15.0.28010.2048
MinimumVisualStudioVersion = 10.0.40219.1
Project("{9A19103F-16F7-4668-BE54-9A1E7A4F7556}") = "temp", "temp\temp.csproj", "{F6FB3DFA-EAE2-4706-AE5F-D48A16E26ABB}"
EndProject
Project("{9A19103F-16F7-4668-BE54-9A1E7A4F7556}") = "WebApplication1", "WebApplication1\WebApplication1.csproj", "{D153F2C9-4493-4D79-9F6A-1668735CFC21}"
EndProject
Global
	GlobalSection(SolutionConfigurationPlatforms) = preSolution
		Debug|Any CPU = Debug|Any CPU
		Release|Any CPU = Release|Any CPU
	EndGlobalSection
	GlobalSection(ProjectConfigurationPlatforms) = postSolution
		{F6FB3DFA-EAE2-4706-AE5F-D48A16E26ABB}.Debug|Any CPU.ActiveCfg = Debug|Any CPU
		{F6FB3DFA-EAE2-4706-AE5F-D48A16E26ABB}.Debug|Any CPU.Build.0 = Debug|Any CPU
		{F6FB3DFA-EAE2-4706-AE5F-D48A16E26ABB}.Release|Any CPU.ActiveCfg = Release|Any CPU
		{F6FB3DFA-EAE2-4706-AE5F-D48A16E26ABB}.Release|Any CPU.Build.0 = Release|Any CPU
		{D153F2C9-4493-4D79-9F6A-1668735CFC21}.Debug|Any CPU.ActiveCfg = Debug|Any CPU
		{D153F2C9-4493-4D79-9F6A-1668735CFC21}.Debug|Any CPU.Build.0 = Debug|Any CPU
		{D153F2C9-4493-4D79-9F6A-1668735CFC21}.Release|Any CPU.ActiveCfg = Release|Any CPU
		{D153F2C9-4493-4D79-9F6A-1668735CFC21}.Release|Any CPU.Build.0 = Release|Any CPU
	EndGlobalSection
	GlobalSection(SolutionProperties) = preSolution
		HideSolutionNode = FALSE
	EndGlobalSection
	GlobalSection(ExtensibilityGlobals) = postSolution
		SolutionGuid = {E50ACBE2-CE78-422A-B679-5FA1092D2869}
	EndGlobalSection
EndGlobal
